# This file is automatically @generated by Poetry 1.6.1 and should not be changed by hand.

[[package]]
name = "certifi"
version = "2024.8.30"
description = "Python package for providing Mozilla's CA Bundle."
optional = false
python-versions = ">=3.6"
files = [
    {file = "certifi-2024.8.30-py3-none-any.whl", hash = "sha256:922820b53db7a7257ffbda3f597266d435245903d80737e34f8a45ff3e3230d8"},
    {file = "certifi-2024.8.30.tar.gz", hash = "sha256:bec941d2aa8195e248a60b31ff9f0558284cf01a52591ceda73ea9afffd69fd9"},
]

[[package]]
name = "charset-normalizer"
version = "3.3.2"
description = "The Real First Universal Charset Detector. Open, modern and actively maintained alternative to Chardet."
optional = false
python-versions = ">=3.7.0"
files = [
    {file = "charset-normalizer-3.3.2.tar.gz", hash = "sha256:f30c3cb33b24454a82faecaf01b19c18562b1e89558fb6c56de4d9118a032fd5"},
    {file = "charset_normalizer-3.3.2-cp310-cp310-macosx_10_9_universal2.whl", hash = "sha256:25baf083bf6f6b341f4121c2f3c548875ee6f5339300e08be3f2b2ba1721cdd3"},
    {file = "charset_normalizer-3.3.2-cp310-cp310-macosx_10_9_x86_64.whl", hash = "sha256:06435b539f889b1f6f4ac1758871aae42dc3a8c0e24ac9e60c2384973ad73027"},
    {file = "charset_normalizer-3.3.2-cp310-cp310-macosx_11_0_arm64.whl", hash = "sha256:9063e24fdb1e498ab71cb7419e24622516c4a04476b17a2dab57e8baa30d6e03"},
    {file = "charset_normalizer-3.3.2-cp310-cp310-manylinux_2_17_aarch64.manylinux2014_aarch64.whl", hash = "sha256:6897af51655e3691ff853668779c7bad41579facacf5fd7253b0133308cf000d"},
    {file = "charset_normalizer-3.3.2-cp310-cp310-manylinux_2_17_ppc64le.manylinux2014_ppc64le.whl", hash = "sha256:1d3193f4a680c64b4b6a9115943538edb896edc190f0b222e73761716519268e"},
    {file = "charset_normalizer-3.3.2-cp310-cp310-manylinux_2_17_s390x.manylinux2014_s390x.whl", hash = "sha256:cd70574b12bb8a4d2aaa0094515df2463cb429d8536cfb6c7ce983246983e5a6"},
    {file = "charset_normalizer-3.3.2-cp310-cp310-manylinux_2_17_x86_64.manylinux2014_x86_64.whl", hash = "sha256:8465322196c8b4d7ab6d1e049e4c5cb460d0394da4a27d23cc242fbf0034b6b5"},
    {file = "charset_normalizer-3.3.2-cp310-cp310-manylinux_2_5_i686.manylinux1_i686.manylinux_2_17_i686.manylinux2014_i686.whl", hash = "sha256:a9a8e9031d613fd2009c182b69c7b2c1ef8239a0efb1df3f7c8da66d5dd3d537"},
    {file = "charset_normalizer-3.3.2-cp310-cp310-musllinux_1_1_aarch64.whl", hash = "sha256:beb58fe5cdb101e3a055192ac291b7a21e3b7ef4f67fa1d74e331a7f2124341c"},
    {file = "charset_normalizer-3.3.2-cp310-cp310-musllinux_1_1_i686.whl", hash = "sha256:e06ed3eb3218bc64786f7db41917d4e686cc4856944f53d5bdf83a6884432e12"},
    {file = "charset_normalizer-3.3.2-cp310-cp310-musllinux_1_1_ppc64le.whl", hash = "sha256:2e81c7b9c8979ce92ed306c249d46894776a909505d8f5a4ba55b14206e3222f"},
    {file = "charset_normalizer-3.3.2-cp310-cp310-musllinux_1_1_s390x.whl", hash = "sha256:572c3763a264ba47b3cf708a44ce965d98555f618ca42c926a9c1616d8f34269"},
    {file = "charset_normalizer-3.3.2-cp310-cp310-musllinux_1_1_x86_64.whl", hash = "sha256:fd1abc0d89e30cc4e02e4064dc67fcc51bd941eb395c502aac3ec19fab46b519"},
    {file = "charset_normalizer-3.3.2-cp310-cp310-win32.whl", hash = "sha256:3d47fa203a7bd9c5b6cee4736ee84ca03b8ef23193c0d1ca99b5089f72645c73"},
    {file = "charset_normalizer-3.3.2-cp310-cp310-win_amd64.whl", hash = "sha256:10955842570876604d404661fbccbc9c7e684caf432c09c715ec38fbae45ae09"},
    {file = "charset_normalizer-3.3.2-cp311-cp311-macosx_10_9_universal2.whl", hash = "sha256:802fe99cca7457642125a8a88a084cef28ff0cf9407060f7b93dca5aa25480db"},
    {file = "charset_normalizer-3.3.2-cp311-cp311-macosx_10_9_x86_64.whl", hash = "sha256:573f6eac48f4769d667c4442081b1794f52919e7edada77495aaed9236d13a96"},
    {file = "charset_normalizer-3.3.2-cp311-cp311-macosx_11_0_arm64.whl", hash = "sha256:549a3a73da901d5bc3ce8d24e0600d1fa85524c10287f6004fbab87672bf3e1e"},
    {file = "charset_normalizer-3.3.2-cp311-cp311-manylinux_2_17_aarch64.manylinux2014_aarch64.whl", hash = "sha256:f27273b60488abe721a075bcca6d7f3964f9f6f067c8c4c605743023d7d3944f"},
    {file = "charset_normalizer-3.3.2-cp311-cp311-manylinux_2_17_ppc64le.manylinux2014_ppc64le.whl", hash = "sha256:1ceae2f17a9c33cb48e3263960dc5fc8005351ee19db217e9b1bb15d28c02574"},
    {file = "charset_normalizer-3.3.2-cp311-cp311-manylinux_2_17_s390x.manylinux2014_s390x.whl", hash = "sha256:65f6f63034100ead094b8744b3b97965785388f308a64cf8d7c34f2f2e5be0c4"},
    {file = "charset_normalizer-3.3.2-cp311-cp311-manylinux_2_17_x86_64.manylinux2014_x86_64.whl", hash = "sha256:753f10e867343b4511128c6ed8c82f7bec3bd026875576dfd88483c5c73b2fd8"},
    {file = "charset_normalizer-3.3.2-cp311-cp311-manylinux_2_5_i686.manylinux1_i686.manylinux_2_17_i686.manylinux2014_i686.whl", hash = "sha256:4a78b2b446bd7c934f5dcedc588903fb2f5eec172f3d29e52a9096a43722adfc"},
    {file = "charset_normalizer-3.3.2-cp311-cp311-musllinux_1_1_aarch64.whl", hash = "sha256:e537484df0d8f426ce2afb2d0f8e1c3d0b114b83f8850e5f2fbea0e797bd82ae"},
    {file = "charset_normalizer-3.3.2-cp311-cp311-musllinux_1_1_i686.whl", hash = "sha256:eb6904c354526e758fda7167b33005998fb68c46fbc10e013ca97f21ca5c8887"},
    {file = "charset_normalizer-3.3.2-cp311-cp311-musllinux_1_1_ppc64le.whl", hash = "sha256:deb6be0ac38ece9ba87dea880e438f25ca3eddfac8b002a2ec3d9183a454e8ae"},
    {file = "charset_normalizer-3.3.2-cp311-cp311-musllinux_1_1_s390x.whl", hash = "sha256:4ab2fe47fae9e0f9dee8c04187ce5d09f48eabe611be8259444906793ab7cbce"},
    {file = "charset_normalizer-3.3.2-cp311-cp311-musllinux_1_1_x86_64.whl", hash = "sha256:80402cd6ee291dcb72644d6eac93785fe2c8b9cb30893c1af5b8fdd753b9d40f"},
    {file = "charset_normalizer-3.3.2-cp311-cp311-win32.whl", hash = "sha256:7cd13a2e3ddeed6913a65e66e94b51d80a041145a026c27e6bb76c31a853c6ab"},
    {file = "charset_normalizer-3.3.2-cp311-cp311-win_amd64.whl", hash = "sha256:663946639d296df6a2bb2aa51b60a2454ca1cb29835324c640dafb5ff2131a77"},
    {file = "charset_normalizer-3.3.2-cp312-cp312-macosx_10_9_universal2.whl", hash = "sha256:0b2b64d2bb6d3fb9112bafa732def486049e63de9618b5843bcdd081d8144cd8"},
    {file = "charset_normalizer-3.3.2-cp312-cp312-macosx_10_9_x86_64.whl", hash = "sha256:ddbb2551d7e0102e7252db79ba445cdab71b26640817ab1e3e3648dad515003b"},
    {file = "charset_normalizer-3.3.2-cp312-cp312-macosx_11_0_arm64.whl", hash = "sha256:55086ee1064215781fff39a1af09518bc9255b50d6333f2e4c74ca09fac6a8f6"},
    {file = "charset_normalizer-3.3.2-cp312-cp312-manylinux_2_17_aarch64.manylinux2014_aarch64.whl", hash = "sha256:8f4a014bc36d3c57402e2977dada34f9c12300af536839dc38c0beab8878f38a"},
    {file = "charset_normalizer-3.3.2-cp312-cp312-manylinux_2_17_ppc64le.manylinux2014_ppc64le.whl", hash = "sha256:a10af20b82360ab00827f916a6058451b723b4e65030c5a18577c8b2de5b3389"},
    {file = "charset_normalizer-3.3.2-cp312-cp312-manylinux_2_17_s390x.manylinux2014_s390x.whl", hash = "sha256:8d756e44e94489e49571086ef83b2bb8ce311e730092d2c34ca8f7d925cb20aa"},
    {file = "charset_normalizer-3.3.2-cp312-cp312-manylinux_2_17_x86_64.manylinux2014_x86_64.whl", hash = "sha256:90d558489962fd4918143277a773316e56c72da56ec7aa3dc3dbbe20fdfed15b"},
    {file = "charset_normalizer-3.3.2-cp312-cp312-manylinux_2_5_i686.manylinux1_i686.manylinux_2_17_i686.manylinux2014_i686.whl", hash = "sha256:6ac7ffc7ad6d040517be39eb591cac5ff87416c2537df6ba3cba3bae290c0fed"},
    {file = "charset_normalizer-3.3.2-cp312-cp312-musllinux_1_1_aarch64.whl", hash = "sha256:7ed9e526742851e8d5cc9e6cf41427dfc6068d4f5a3bb03659444b4cabf6bc26"},
    {file = "charset_normalizer-3.3.2-cp312-cp312-musllinux_1_1_i686.whl", hash = "sha256:8bdb58ff7ba23002a4c5808d608e4e6c687175724f54a5dade5fa8c67b604e4d"},
    {file = "charset_normalizer-3.3.2-cp312-cp312-musllinux_1_1_ppc64le.whl", hash = "sha256:6b3251890fff30ee142c44144871185dbe13b11bab478a88887a639655be1068"},
    {file = "charset_normalizer-3.3.2-cp312-cp312-musllinux_1_1_s390x.whl", hash = "sha256:b4a23f61ce87adf89be746c8a8974fe1c823c891d8f86eb218bb957c924bb143"},
    {file = "charset_normalizer-3.3.2-cp312-cp312-musllinux_1_1_x86_64.whl", hash = "sha256:efcb3f6676480691518c177e3b465bcddf57cea040302f9f4e6e191af91174d4"},
    {file = "charset_normalizer-3.3.2-cp312-cp312-win32.whl", hash = "sha256:d965bba47ddeec8cd560687584e88cf699fd28f192ceb452d1d7ee807c5597b7"},
    {file = "charset_normalizer-3.3.2-cp312-cp312-win_amd64.whl", hash = "sha256:96b02a3dc4381e5494fad39be677abcb5e6634bf7b4fa83a6dd3112607547001"},
    {file = "charset_normalizer-3.3.2-cp37-cp37m-macosx_10_9_x86_64.whl", hash = "sha256:95f2a5796329323b8f0512e09dbb7a1860c46a39da62ecb2324f116fa8fdc85c"},
    {file = "charset_normalizer-3.3.2-cp37-cp37m-manylinux_2_17_aarch64.manylinux2014_aarch64.whl", hash = "sha256:c002b4ffc0be611f0d9da932eb0f704fe2602a9a949d1f738e4c34c75b0863d5"},
    {file = "charset_normalizer-3.3.2-cp37-cp37m-manylinux_2_17_ppc64le.manylinux2014_ppc64le.whl", hash = "sha256:a981a536974bbc7a512cf44ed14938cf01030a99e9b3a06dd59578882f06f985"},
    {file = "charset_normalizer-3.3.2-cp37-cp37m-manylinux_2_17_s390x.manylinux2014_s390x.whl", hash = "sha256:3287761bc4ee9e33561a7e058c72ac0938c4f57fe49a09eae428fd88aafe7bb6"},
    {file = "charset_normalizer-3.3.2-cp37-cp37m-manylinux_2_17_x86_64.manylinux2014_x86_64.whl", hash = "sha256:42cb296636fcc8b0644486d15c12376cb9fa75443e00fb25de0b8602e64c1714"},
    {file = "charset_normalizer-3.3.2-cp37-cp37m-manylinux_2_5_i686.manylinux1_i686.manylinux_2_17_i686.manylinux2014_i686.whl", hash = "sha256:0a55554a2fa0d408816b3b5cedf0045f4b8e1a6065aec45849de2d6f3f8e9786"},
    {file = "charset_normalizer-3.3.2-cp37-cp37m-musllinux_1_1_aarch64.whl", hash = "sha256:c083af607d2515612056a31f0a8d9e0fcb5876b7bfc0abad3ecd275bc4ebc2d5"},
    {file = "charset_normalizer-3.3.2-cp37-cp37m-musllinux_1_1_i686.whl", hash = "sha256:87d1351268731db79e0f8e745d92493ee2841c974128ef629dc518b937d9194c"},
    {file = "charset_normalizer-3.3.2-cp37-cp37m-musllinux_1_1_ppc64le.whl", hash = "sha256:bd8f7df7d12c2db9fab40bdd87a7c09b1530128315d047a086fa3ae3435cb3a8"},
    {file = "charset_normalizer-3.3.2-cp37-cp37m-musllinux_1_1_s390x.whl", hash = "sha256:c180f51afb394e165eafe4ac2936a14bee3eb10debc9d9e4db8958fe36afe711"},
    {file = "charset_normalizer-3.3.2-cp37-cp37m-musllinux_1_1_x86_64.whl", hash = "sha256:8c622a5fe39a48f78944a87d4fb8a53ee07344641b0562c540d840748571b811"},
    {file = "charset_normalizer-3.3.2-cp37-cp37m-win32.whl", hash = "sha256:db364eca23f876da6f9e16c9da0df51aa4f104a972735574842618b8c6d999d4"},
    {file = "charset_normalizer-3.3.2-cp37-cp37m-win_amd64.whl", hash = "sha256:86216b5cee4b06df986d214f664305142d9c76df9b6512be2738aa72a2048f99"},
    {file = "charset_normalizer-3.3.2-cp38-cp38-macosx_10_9_universal2.whl", hash = "sha256:6463effa3186ea09411d50efc7d85360b38d5f09b870c48e4600f63af490e56a"},
    {file = "charset_normalizer-3.3.2-cp38-cp38-macosx_10_9_x86_64.whl", hash = "sha256:6c4caeef8fa63d06bd437cd4bdcf3ffefe6738fb1b25951440d80dc7df8c03ac"},
    {file = "charset_normalizer-3.3.2-cp38-cp38-macosx_11_0_arm64.whl", hash = "sha256:37e55c8e51c236f95b033f6fb391d7d7970ba5fe7ff453dad675e88cf303377a"},
    {file = "charset_normalizer-3.3.2-cp38-cp38-manylinux_2_17_aarch64.manylinux2014_aarch64.whl", hash = "sha256:fb69256e180cb6c8a894fee62b3afebae785babc1ee98b81cdf68bbca1987f33"},
    {file = "charset_normalizer-3.3.2-cp38-cp38-manylinux_2_17_ppc64le.manylinux2014_ppc64le.whl", hash = "sha256:ae5f4161f18c61806f411a13b0310bea87f987c7d2ecdbdaad0e94eb2e404238"},
    {file = "charset_normalizer-3.3.2-cp38-cp38-manylinux_2_17_s390x.manylinux2014_s390x.whl", hash = "sha256:b2b0a0c0517616b6869869f8c581d4eb2dd83a4d79e0ebcb7d373ef9956aeb0a"},
    {file = "charset_normalizer-3.3.2-cp38-cp38-manylinux_2_17_x86_64.manylinux2014_x86_64.whl", hash = "sha256:45485e01ff4d3630ec0d9617310448a8702f70e9c01906b0d0118bdf9d124cf2"},
    {file = "charset_normalizer-3.3.2-cp38-cp38-manylinux_2_5_i686.manylinux1_i686.manylinux_2_17_i686.manylinux2014_i686.whl", hash = "sha256:eb00ed941194665c332bf8e078baf037d6c35d7c4f3102ea2d4f16ca94a26dc8"},
    {file = "charset_normalizer-3.3.2-cp38-cp38-musllinux_1_1_aarch64.whl", hash = "sha256:2127566c664442652f024c837091890cb1942c30937add288223dc895793f898"},
    {file = "charset_normalizer-3.3.2-cp38-cp38-musllinux_1_1_i686.whl", hash = "sha256:a50aebfa173e157099939b17f18600f72f84eed3049e743b68ad15bd69b6bf99"},
    {file = "charset_normalizer-3.3.2-cp38-cp38-musllinux_1_1_ppc64le.whl", hash = "sha256:4d0d1650369165a14e14e1e47b372cfcb31d6ab44e6e33cb2d4e57265290044d"},
    {file = "charset_normalizer-3.3.2-cp38-cp38-musllinux_1_1_s390x.whl", hash = "sha256:923c0c831b7cfcb071580d3f46c4baf50f174be571576556269530f4bbd79d04"},
    {file = "charset_normalizer-3.3.2-cp38-cp38-musllinux_1_1_x86_64.whl", hash = "sha256:06a81e93cd441c56a9b65d8e1d043daeb97a3d0856d177d5c90ba85acb3db087"},
    {file = "charset_normalizer-3.3.2-cp38-cp38-win32.whl", hash = "sha256:6ef1d82a3af9d3eecdba2321dc1b3c238245d890843e040e41e470ffa64c3e25"},
    {file = "charset_normalizer-3.3.2-cp38-cp38-win_amd64.whl", hash = "sha256:eb8821e09e916165e160797a6c17edda0679379a4be5c716c260e836e122f54b"},
    {file = "charset_normalizer-3.3.2-cp39-cp39-macosx_10_9_universal2.whl", hash = "sha256:c235ebd9baae02f1b77bcea61bce332cb4331dc3617d254df3323aa01ab47bd4"},
    {file = "charset_normalizer-3.3.2-cp39-cp39-macosx_10_9_x86_64.whl", hash = "sha256:5b4c145409bef602a690e7cfad0a15a55c13320ff7a3ad7ca59c13bb8ba4d45d"},
    {file = "charset_normalizer-3.3.2-cp39-cp39-macosx_11_0_arm64.whl", hash = "sha256:68d1f8a9e9e37c1223b656399be5d6b448dea850bed7d0f87a8311f1ff3dabb0"},
    {file = "charset_normalizer-3.3.2-cp39-cp39-manylinux_2_17_aarch64.manylinux2014_aarch64.whl", hash = "sha256:22afcb9f253dac0696b5a4be4a1c0f8762f8239e21b99680099abd9b2b1b2269"},
    {file = "charset_normalizer-3.3.2-cp39-cp39-manylinux_2_17_ppc64le.manylinux2014_ppc64le.whl", hash = "sha256:e27ad930a842b4c5eb8ac0016b0a54f5aebbe679340c26101df33424142c143c"},
    {file = "charset_normalizer-3.3.2-cp39-cp39-manylinux_2_17_s390x.manylinux2014_s390x.whl", hash = "sha256:1f79682fbe303db92bc2b1136016a38a42e835d932bab5b3b1bfcfbf0640e519"},
    {file = "charset_normalizer-3.3.2-cp39-cp39-manylinux_2_17_x86_64.manylinux2014_x86_64.whl", hash = "sha256:b261ccdec7821281dade748d088bb6e9b69e6d15b30652b74cbbac25e280b796"},
    {file = "charset_normalizer-3.3.2-cp39-cp39-manylinux_2_5_i686.manylinux1_i686.manylinux_2_17_i686.manylinux2014_i686.whl", hash = "sha256:122c7fa62b130ed55f8f285bfd56d5f4b4a5b503609d181f9ad85e55c89f4185"},
    {file = "charset_normalizer-3.3.2-cp39-cp39-musllinux_1_1_aarch64.whl", hash = "sha256:d0eccceffcb53201b5bfebb52600a5fb483a20b61da9dbc885f8b103cbe7598c"},
    {file = "charset_normalizer-3.3.2-cp39-cp39-musllinux_1_1_i686.whl", hash = "sha256:9f96df6923e21816da7e0ad3fd47dd8f94b2a5ce594e00677c0013018b813458"},
    {file = "charset_normalizer-3.3.2-cp39-cp39-musllinux_1_1_ppc64le.whl", hash = "sha256:7f04c839ed0b6b98b1a7501a002144b76c18fb1c1850c8b98d458ac269e26ed2"},
    {file = "charset_normalizer-3.3.2-cp39-cp39-musllinux_1_1_s390x.whl", hash = "sha256:34d1c8da1e78d2e001f363791c98a272bb734000fcef47a491c1e3b0505657a8"},
    {file = "charset_normalizer-3.3.2-cp39-cp39-musllinux_1_1_x86_64.whl", hash = "sha256:ff8fa367d09b717b2a17a052544193ad76cd49979c805768879cb63d9ca50561"},
    {file = "charset_normalizer-3.3.2-cp39-cp39-win32.whl", hash = "sha256:aed38f6e4fb3f5d6bf81bfa990a07806be9d83cf7bacef998ab1a9bd660a581f"},
    {file = "charset_normalizer-3.3.2-cp39-cp39-win_amd64.whl", hash = "sha256:b01b88d45a6fcb69667cd6d2f7a9aeb4bf53760d7fc536bf679ec94fe9f3ff3d"},
    {file = "charset_normalizer-3.3.2-py3-none-any.whl", hash = "sha256:3e4d1f6587322d2788836a99c69062fbb091331ec940e02d12d179c1d53e25fc"},
]

[[package]]
name = "idna"
version = "3.10"
description = "Internationalized Domain Names in Applications (IDNA)"
optional = false
python-versions = ">=3.6"
files = [
    {file = "idna-3.10-py3-none-any.whl", hash = "sha256:946d195a0d259cbba61165e88e65941f16e9b36ea6ddb97f00452bae8b1287d3"},
    {file = "idna-3.10.tar.gz", hash = "sha256:12f65c9b470abda6dc35cf8e63cc574b1c52b11df2c86030af0ac09b01b13ea9"},
]

[package.extras]
all = ["flake8 (>=7.1.1)", "mypy (>=1.11.2)", "pytest (>=8.3.2)", "ruff (>=0.6.2)"]

[[package]]
name = "lzip"
version = "1.2.0"
description = "Lzip (.lz) archives compression and decompression with buffers and URLs support"
optional = false
python-versions = "*"
files = [
    {file = "lzip-1.2.0-cp310-cp310-macosx_10_9_x86_64.whl", hash = "sha256:b45f97cd5b2846d6a39c86c24d36fabc6c8036795d373475af6ae28fb13e4a7f"},
    {file = "lzip-1.2.0-cp310-cp310-macosx_11_0_arm64.whl", hash = "sha256:07abf8d17324dea526d300c6c0a1b1a8e45a383df11864a3b67b442fb352f5d4"},
    {file = "lzip-1.2.0-cp310-cp310-manylinux_2_17_aarch64.manylinux2014_aarch64.whl", hash = "sha256:72d5eb9d18ea7ecd1d05f785505b226ef045a1dd61d89c1b983c7d9875a4051e"},
    {file = "lzip-1.2.0-cp310-cp310-manylinux_2_17_ppc64le.manylinux2014_ppc64le.whl", hash = "sha256:3b5a4aacb106426145043f93309ae1ebf1e2b189afb6c6967b60793ba68560e1"},
    {file = "lzip-1.2.0-cp310-cp310-manylinux_2_17_s390x.manylinux2014_s390x.whl", hash = "sha256:9586c6cedc66b767959b972b14bbd4b27300a74683dd3405b4ddcd67d3c77947"},
    {file = "lzip-1.2.0-cp310-cp310-manylinux_2_17_x86_64.manylinux2014_x86_64.whl", hash = "sha256:394bb0abbf25989c1109dd2910ed1a40f06b75b0f8f1695357a37c4e8bcffa9b"},
    {file = "lzip-1.2.0-cp310-cp310-manylinux_2_5_i686.manylinux1_i686.manylinux_2_17_i686.manylinux2014_i686.whl", hash = "sha256:d55c9578e5f3b281b9a49aa78072a7a0cd09055e2f29f59a4503459798c69ca7"},
    {file = "lzip-1.2.0-cp310-cp310-musllinux_1_1_aarch64.whl", hash = "sha256:e90c02657624e2d5de0d4d21965e0dc8221530c432031114ad9b94c3dd3e5874"},
    {file = "lzip-1.2.0-cp310-cp310-musllinux_1_1_i686.whl", hash = "sha256:2786d17b3644d13c47db63aa4a58af4018826262f096c3125c52a294bf6cc270"},
    {file = "lzip-1.2.0-cp310-cp310-musllinux_1_1_ppc64le.whl", hash = "sha256:0af723ecab95f7a9577f9d167eaa305bd205abd96911da73af6204c34451a80e"},
    {file = "lzip-1.2.0-cp310-cp310-musllinux_1_1_s390x.whl", hash = "sha256:1669796ee274d5c7d97a6f902fedb86a80f8633ff3684d850c362bad7dfd8b45"},
    {file = "lzip-1.2.0-cp310-cp310-musllinux_1_1_x86_64.whl", hash = "sha256:6e68e3ca3de4afd9f4a4a0b9f89fc77938455342061f2a13ca64b38068835761"},
    {file = "lzip-1.2.0-cp310-cp310-win32.whl", hash = "sha256:8968b3dd9b132b023485d81b08042ee2c9931a3d02c46ce22e627cc950bd2e9a"},
    {file = "lzip-1.2.0-cp310-cp310-win_amd64.whl", hash = "sha256:e1774f93ec5df95320b4ac09fc10a6f67d2ecc91a44baf301d01859f42bcdbad"},
    {file = "lzip-1.2.0-cp311-cp311-macosx_10_9_x86_64.whl", hash = "sha256:3a7b65244073065ca2c167ab1a24eb1c281fd752adcadde0109bf46499838b62"},
    {file = "lzip-1.2.0-cp311-cp311-macosx_11_0_arm64.whl", hash = "sha256:cf0fb1ae96bbd1243cb9a299be09844a79461e2123e773f85276d43021d394ed"},
    {file = "lzip-1.2.0-cp311-cp311-manylinux_2_17_aarch64.manylinux2014_aarch64.whl", hash = "sha256:32b972efb660fa501abe057bb2957c54314f7f76ee444389da84cbcfe4b958ba"},
    {file = "lzip-1.2.0-cp311-cp311-manylinux_2_17_ppc64le.manylinux2014_ppc64le.whl", hash = "sha256:2cca9c8e954f592be82dc14da457c73f5dd6db5b7a1364e4714f2b024c4fa01c"},
    {file = "lzip-1.2.0-cp311-cp311-manylinux_2_17_s390x.manylinux2014_s390x.whl", hash = "sha256:e9e57e81b14c075f2ca687ad9976761d3856c7193cddd189db6c5aa8ae9cb924"},
    {file = "lzip-1.2.0-cp311-cp311-manylinux_2_17_x86_64.manylinux2014_x86_64.whl", hash = "sha256:2d511734e91ea10e643f361936ceeb6d419c09b60a69fc5a8cdc26181ec5170a"},
    {file = "lzip-1.2.0-cp311-cp311-manylinux_2_5_i686.manylinux1_i686.manylinux_2_17_i686.manylinux2014_i686.whl", hash = "sha256:e756e89b8ea5bce882581d181043ce4e5e2afea624bcc421373b29612597cdde"},
    {file = "lzip-1.2.0-cp311-cp311-musllinux_1_1_aarch64.whl", hash = "sha256:24ac819b0096a14e931ff9ba318cb3c95512bdc4089cf7fa237d56d080752f11"},
    {file = "lzip-1.2.0-cp311-cp311-musllinux_1_1_i686.whl", hash = "sha256:164bba34f6406e95644b969579ca7ee24bf38f5d216f7804a880d00063657324"},
    {file = "lzip-1.2.0-cp311-cp311-musllinux_1_1_ppc64le.whl", hash = "sha256:f9c91c9e5f54a66c05680a571c9463049870c7e5dd90d0900202df1371b5c278"},
    {file = "lzip-1.2.0-cp311-cp311-musllinux_1_1_s390x.whl", hash = "sha256:54f9866394179fbe2aa4b3bbeba0f31121d46bd1c82ada0d6f995b70938e6b81"},
    {file = "lzip-1.2.0-cp311-cp311-musllinux_1_1_x86_64.whl", hash = "sha256:6cbd4916f7f63373547724a3965337f9df811fe822ff291d02873de6a9dd6ba5"},
    {file = "lzip-1.2.0-cp311-cp311-win32.whl", hash = "sha256:0fe331d1a12e1462ca3661fc92a2a3a1c19576c771ab6a76a6238be2182f24d0"},
    {file = "lzip-1.2.0-cp311-cp311-win_amd64.whl", hash = "sha256:12f61dcd589aaee01e8280c146d5e55d0157b42f6c9a6dc6d8d9f12f1409d831"},
    {file = "lzip-1.2.0-cp36-cp36m-macosx_10_9_x86_64.whl", hash = "sha256:52ce10d6af5229d56103d0c8585f2d22147fb526dd39cf835643238ad3036565"},
    {file = "lzip-1.2.0-cp36-cp36m-manylinux_2_17_aarch64.manylinux2014_aarch64.whl", hash = "sha256:c631491ffbf7fe8bdb741436ff58a1c465dbc57347e652bc9202f221030f7793"},
    {file = "lzip-1.2.0-cp36-cp36m-manylinux_2_17_ppc64le.manylinux2014_ppc64le.whl", hash = "sha256:10d41e9eed396d23dd95688d8d368963cf68649a2b08a4df1043140756f72eb4"},
    {file = "lzip-1.2.0-cp36-cp36m-manylinux_2_17_s390x.manylinux2014_s390x.whl", hash = "sha256:cf8c403269bd9f40cfdacb0d2e9b45372e8aa817f30aafd3c4561e63306d71ab"},
    {file = "lzip-1.2.0-cp36-cp36m-manylinux_2_17_x86_64.manylinux2014_x86_64.whl", hash = "sha256:f7fda3c555fc9d70f4226bf10e93956b7ae355099a991d9e28a9e01c77b26a74"},
    {file = "lzip-1.2.0-cp36-cp36m-manylinux_2_5_i686.manylinux1_i686.manylinux_2_17_i686.manylinux2014_i686.whl", hash = "sha256:e1dc728e3a487d4ee712a906c1fc29f459331bc570009455e86881b0f014d336"},
    {file = "lzip-1.2.0-cp36-cp36m-musllinux_1_1_aarch64.whl", hash = "sha256:75b54eac02cfac8a1f57d059be31a1be5229bc081287ce92e572f9d44a9b3607"},
    {file = "lzip-1.2.0-cp36-cp36m-musllinux_1_1_i686.whl", hash = "sha256:7981f95cc102a80b95b8ed6b3fc36d89e64a9968973f8537309ff47c9a7d95b7"},
    {file = "lzip-1.2.0-cp36-cp36m-musllinux_1_1_ppc64le.whl", hash = "sha256:49501f364711faa0e8e71aadf7f30fb8687b8820c2a963ea99ca6a0ac5de2625"},
    {file = "lzip-1.2.0-cp36-cp36m-musllinux_1_1_s390x.whl", hash = "sha256:d7b865b50e70a2475e26e13d21a619ba9b851a14ade10f382849fadc0aec491d"},
    {file = "lzip-1.2.0-cp36-cp36m-musllinux_1_1_x86_64.whl", hash = "sha256:0fe69c281f75dd25e9a543c79adc386e03ad19713aba75ace2e72dfc343021f7"},
    {file = "lzip-1.2.0-cp36-cp36m-win32.whl", hash = "sha256:458637fe9fe4a025903a878824b28a7b868a076b781aa5df00eee7e170451d9e"},
    {file = "lzip-1.2.0-cp36-cp36m-win_amd64.whl", hash = "sha256:ab889d6a84519a4fe8154d4b6cc3c0d7fa5dbadab216b80e9b6ad683114d0ebc"},
    {file = "lzip-1.2.0-cp37-cp37m-macosx_10_9_x86_64.whl", hash = "sha256:90203847e8c2b970cfcfa940e1fbf9143d0a1f29876e012e4d6f4a9f560436c7"},
    {file = "lzip-1.2.0-cp37-cp37m-manylinux_2_17_aarch64.manylinux2014_aarch64.whl", hash = "sha256:74f3aae5d175f21a8eeeb0acdba3ff7fccbada0675942e99354eadb34778dbd9"},
    {file = "lzip-1.2.0-cp37-cp37m-manylinux_2_17_ppc64le.manylinux2014_ppc64le.whl", hash = "sha256:4543d4051ccd946c6ce9cc0648a78be25febd322b69fe7f27d45fbd6a3c9a114"},
    {file = "lzip-1.2.0-cp37-cp37m-manylinux_2_17_s390x.manylinux2014_s390x.whl", hash = "sha256:3cd8751d8178e171a1318b59327584208aa8172d269e85f248c127dda75399a7"},
    {file = "lzip-1.2.0-cp37-cp37m-manylinux_2_17_x86_64.manylinux2014_x86_64.whl", hash = "sha256:000fb1effecc3a6bc6c21784e4d7f595956266a737a7220dcf306d15fdb6b665"},
    {file = "lzip-1.2.0-cp37-cp37m-manylinux_2_5_i686.manylinux1_i686.manylinux_2_17_i686.manylinux2014_i686.whl", hash = "sha256:26c02445c52953365b4054a63b102f81abfad7416522eb52ce8726b4c198efc6"},
    {file = "lzip-1.2.0-cp37-cp37m-musllinux_1_1_aarch64.whl", hash = "sha256:e7f425cdbe0e7054cc7dba9fb30143f5b7bde48d923e887aab1c18c82970a3fe"},
    {file = "lzip-1.2.0-cp37-cp37m-musllinux_1_1_i686.whl", hash = "sha256:76e3a6b7c39a04060671b3d10f3af98b6dead2611fc9a07df43c4d195bb8d1ca"},
    {file = "lzip-1.2.0-cp37-cp37m-musllinux_1_1_ppc64le.whl", hash = "sha256:bfad721aba2290728185e6ad019554f3223a5d5bceca952f44376bf218def217"},
    {file = "lzip-1.2.0-cp37-cp37m-musllinux_1_1_s390x.whl", hash = "sha256:d884432397b0a68b08ce404ac8b1c634ecdce3d7bf5afc6c1e987345352e4b4b"},
    {file = "lzip-1.2.0-cp37-cp37m-musllinux_1_1_x86_64.whl", hash = "sha256:b6ef650562699ed701a6d6eedb6570f7b3b24bc1b476c1690437a726492b7657"},
    {file = "lzip-1.2.0-cp37-cp37m-win32.whl", hash = "sha256:99161dcc348649af1cb9f04faece9e9393d92f7e130688c40dc32fc33b241579"},
    {file = "lzip-1.2.0-cp37-cp37m-win_amd64.whl", hash = "sha256:e6c5e0430e36817689cdef34808e2f193751c8a485ad5501c823761fe1921306"},
    {file = "lzip-1.2.0-cp38-cp38-macosx_10_9_x86_64.whl", hash = "sha256:15b7710b089257d193bdf5b64b8d3d79805245db1c68333695655ad0df99f480"},
    {file = "lzip-1.2.0-cp38-cp38-macosx_11_0_arm64.whl", hash = "sha256:7e607b9e020fa3fd6857ccf2ebbf01c474c0d6dbfd3680c1796c5f24d62f129f"},
    {file = "lzip-1.2.0-cp38-cp38-manylinux_2_17_aarch64.manylinux2014_aarch64.whl", hash = "sha256:c35aad9b0b2b84d92ffa97b74f7bc0d6af92ed13c4b7ea311fc43c2a1c237a48"},
    {file = "lzip-1.2.0-cp38-cp38-manylinux_2_17_ppc64le.manylinux2014_ppc64le.whl", hash = "sha256:718c06b5013ff7e4dc36ca5fc0378d26a3c1905e5ff6bde186dcae7ddf125820"},
    {file = "lzip-1.2.0-cp38-cp38-manylinux_2_17_s390x.manylinux2014_s390x.whl", hash = "sha256:1502acccd177f828abc253eee8fcc8b3f0588a77f39bb7643bbef678d6d53c0a"},
    {file = "lzip-1.2.0-cp38-cp38-manylinux_2_17_x86_64.manylinux2014_x86_64.whl", hash = "sha256:6f2940dec2658de71769ce344d8032ef7ff428358b0ff45a588e57a7f3dffc98"},
    {file = "lzip-1.2.0-cp38-cp38-manylinux_2_5_i686.manylinux1_i686.manylinux_2_17_i686.manylinux2014_i686.whl", hash = "sha256:34b9facc656cf01d17a34a1eff169ed791e6ff673299387a6f32eb35bd191b32"},
    {file = "lzip-1.2.0-cp38-cp38-musllinux_1_1_aarch64.whl", hash = "sha256:a3ad3ed331743e219de1221a130bcb7b82e148aa70107ef4f01631542fa1de88"},
    {file = "lzip-1.2.0-cp38-cp38-musllinux_1_1_i686.whl", hash = "sha256:e8deb4a7a829f0c87c5670edd2328e42b1938e4912526ba3b1e099b475f85008"},
    {file = "lzip-1.2.0-cp38-cp38-musllinux_1_1_ppc64le.whl", hash = "sha256:89df9581f154fdfffc3dd7bb0811941e7354d57e68046d04c2f1d686b075b93a"},
    {file = "lzip-1.2.0-cp38-cp38-musllinux_1_1_s390x.whl", hash = "sha256:ad881a1fe73b5ee4f727efd8df0041728a8fe31d29af54193bb2a5347f8bf8f8"},
    {file = "lzip-1.2.0-cp38-cp38-musllinux_1_1_x86_64.whl", hash = "sha256:0d82cef3d1e465fb3f1ec73595d6b6fc7164520064e2b9e89eb99f2dbf384061"},
    {file = "lzip-1.2.0-cp38-cp38-win32.whl", hash = "sha256:2540ae67553faced145ea293c73b97fbc00c56dcc9c9741ec48e2554875fa471"},
    {file = "lzip-1.2.0-cp38-cp38-win_amd64.whl", hash = "sha256:b04ac89e5901757096f83f5c48a7566bfdbeec76c9adaab5997b04a582768cd7"},
    {file = "lzip-1.2.0-cp39-cp39-macosx_10_9_x86_64.whl", hash = "sha256:7511dd66b3e0fdf55a05c065a9ab4bf5da23b5cdc69e7041db452448f69f3e1b"},
    {file = "lzip-1.2.0-cp39-cp39-macosx_11_0_arm64.whl", hash = "sha256:6132c738ab773ece4a6812d67e072792a189ddec18581bf31f1f2e96020dda5e"},
    {file = "lzip-1.2.0-cp39-cp39-manylinux_2_17_aarch64.manylinux2014_aarch64.whl", hash = "sha256:46bc4aa4dc1ae13e5a5f56022102023b0e86477b7dff8d6ffa1fbbdd12e5b34a"},
    {file = "lzip-1.2.0-cp39-cp39-manylinux_2_17_ppc64le.manylinux2014_ppc64le.whl", hash = "sha256:038834f3cd0efc94e4a4ff489a2043f69faf2894f7f88d46fe60f910cc1f479d"},
    {file = "lzip-1.2.0-cp39-cp39-manylinux_2_17_s390x.manylinux2014_s390x.whl", hash = "sha256:c4eb0df551f3ca047c24523c6782b100982d517fbe89dcb0e47825a26fe7b18e"},
    {file = "lzip-1.2.0-cp39-cp39-manylinux_2_17_x86_64.manylinux2014_x86_64.whl", hash = "sha256:ece46bc39af43afb923afef7fc0b2d7431f6679444d21f404ea872447e11ce1b"},
    {file = "lzip-1.2.0-cp39-cp39-manylinux_2_5_i686.manylinux1_i686.manylinux_2_17_i686.manylinux2014_i686.whl", hash = "sha256:cb3828b0eeeffdbef4491cbf7999b5213ac06a262ff98fa754255ca8f2dd74b2"},
    {file = "lzip-1.2.0-cp39-cp39-musllinux_1_1_aarch64.whl", hash = "sha256:8156fdc0b2d102ae5647b10009ffa3846503e368406e3dce6e3999ca4bcc5697"},
    {file = "lzip-1.2.0-cp39-cp39-musllinux_1_1_i686.whl", hash = "sha256:1ff5946b53ef13df026ed686939273a6c13f73512f5f35537a5346259e666954"},
    {file = "lzip-1.2.0-cp39-cp39-musllinux_1_1_ppc64le.whl", hash = "sha256:f03e9aba1464c599cae2286846ab93a343a6677b8848bb7aa0a5aaeeb45418f3"},
    {file = "lzip-1.2.0-cp39-cp39-musllinux_1_1_s390x.whl", hash = "sha256:26c6d9bc73222e7d93ccf89252d2d99b33065bdcc741769f55d3a9e581314194"},
    {file = "lzip-1.2.0-cp39-cp39-musllinux_1_1_x86_64.whl", hash = "sha256:06769e8c6e732e20ff4d8b814ed22f5603f3fee319a523eddd058572661e9eb0"},
    {file = "lzip-1.2.0-cp39-cp39-win32.whl", hash = "sha256:29e717ea8af1184287ad90325c5c7d1386edbd9e4486abdc20621eed7ee3b1c7"},
    {file = "lzip-1.2.0-cp39-cp39-win_amd64.whl", hash = "sha256:dfd9340f0e6f11a903146508f7a58b11aef73919ec7412c1a0151856fb06f491"},
    {file = "lzip-1.2.0-pp37-pypy37_pp73-macosx_10_9_x86_64.whl", hash = "sha256:03b7a77333104b3c1631a0d1482d4ad07bbc42df8b684838adfd06d08dd0426f"},
    {file = "lzip-1.2.0-pp37-pypy37_pp73-manylinux_2_17_aarch64.manylinux2014_aarch64.whl", hash = "sha256:9d4ca6665fa695d7d28ce6c0ea0d1cb10e0be78b414c8a773e9a2cad3654db20"},
    {file = "lzip-1.2.0-pp37-pypy37_pp73-manylinux_2_17_x86_64.manylinux2014_x86_64.whl", hash = "sha256:e83dcee856217aa9e9c2ec9666935c029047c6ee0aedc243c5843cfe01ec2195"},
    {file = "lzip-1.2.0-pp37-pypy37_pp73-manylinux_2_5_i686.manylinux1_i686.manylinux_2_17_i686.manylinux2014_i686.whl", hash = "sha256:928ce3f32fffc0778233d0da5919af7e8ed8ddd652cd74c3ac013e23501cb6ee"},
    {file = "lzip-1.2.0-pp37-pypy37_pp73-win_amd64.whl", hash = "sha256:bf9844a7ff85ee714b252972a67a4ec52ea16baf22e97ae8b81695d04bed8851"},
    {file = "lzip-1.2.0-pp38-pypy38_pp73-macosx_10_9_x86_64.whl", hash = "sha256:ed013d7ca9de52cf9b362efe9cbb6cf08969d217958ad95630f8792528224b89"},
    {file = "lzip-1.2.0-pp38-pypy38_pp73-manylinux_2_17_aarch64.manylinux2014_aarch64.whl", hash = "sha256:ae4eb709e50042bdf26c14b71baace06ed6e6dcbeaff4e489ddc10af4f06b2ee"},
    {file = "lzip-1.2.0-pp38-pypy38_pp73-manylinux_2_17_x86_64.manylinux2014_x86_64.whl", hash = "sha256:01fdea5778c38dc6aca3cd82c00f0d223add3358e2931cf67ae5fb62225a172d"},
    {file = "lzip-1.2.0-pp38-pypy38_pp73-manylinux_2_5_i686.manylinux1_i686.manylinux_2_17_i686.manylinux2014_i686.whl", hash = "sha256:472dbd9befd49ef1f479e72dd4125f5ac78c092fbb85a0eb92d475e059e6e0e7"},
    {file = "lzip-1.2.0-pp38-pypy38_pp73-win_amd64.whl", hash = "sha256:37a2e11c47f278ed2173ae118cb8b62a385cbbd08ec03d9fcdc1d5f3b92cb34c"},
    {file = "lzip-1.2.0-pp39-pypy39_pp73-macosx_10_9_x86_64.whl", hash = "sha256:453d4b1ac1a321f1bfd194f57c0bf2cec075f525e8b9117aadf9b60b88af54bb"},
    {file = "lzip-1.2.0-pp39-pypy39_pp73-manylinux_2_17_aarch64.manylinux2014_aarch64.whl", hash = "sha256:1e06dd3f0dccaa65947ae5c29fdb3f617a8194d3641427c9006501104cfd6008"},
    {file = "lzip-1.2.0-pp39-pypy39_pp73-manylinux_2_17_x86_64.manylinux2014_x86_64.whl", hash = "sha256:f98cf215ccbf5199e43ec1e6cf404e4323b4388b26829a763ead8fae84eaf9b1"},
    {file = "lzip-1.2.0-pp39-pypy39_pp73-manylinux_2_5_i686.manylinux1_i686.manylinux_2_17_i686.manylinux2014_i686.whl", hash = "sha256:52cd76c59414f1addb8e61683806e05833bb4e3c1cd7dc20aeed586bdd971b04"},
    {file = "lzip-1.2.0-pp39-pypy39_pp73-win_amd64.whl", hash = "sha256:f0d358d9d284b6b46e727fee0a951a16d7d09a654e6f7266da74574bda339a03"},
    {file = "lzip-1.2.0.tar.gz", hash = "sha256:bdcfeead4c8584fdde22b87b8b47c362d3974ce216f2fce9293a67c582c72d29"},
]

[[package]]
name = "requests"
version = "2.32.3"
description = "Python HTTP for Humans."
optional = false
python-versions = ">=3.8"
files = [
    {file = "requests-2.32.3-py3-none-any.whl", hash = "sha256:70761cfe03c773ceb22aa2f671b4757976145175cdfca038c02654d061d6dcc6"},
    {file = "requests-2.32.3.tar.gz", hash = "sha256:55365417734eb18255590a9ff9eb97e9e1da868d4ccd6402399eaf68af20a760"},
]

[package.dependencies]
certifi = ">=2017.4.17"
charset-normalizer = ">=2,<4"
idna = ">=2.5,<4"
urllib3 = ">=1.21.1,<3"

[package.extras]
socks = ["PySocks (>=1.5.6,!=1.5.7)"]
use-chardet-on-py3 = ["chardet (>=3.0.2,<6)"]

[[package]]
name = "urllib3"
version = "2.2.3"
description = "HTTP library with thread-safe connection pooling, file post, and more."
optional = false
python-versions = ">=3.8"
files = [
    {file = "urllib3-2.2.3-py3-none-any.whl", hash = "sha256:ca899ca043dcb1bafa3e262d73aa25c465bfb49e0bd9dd5d59f1d0acba2f8fac"},
    {file = "urllib3-2.2.3.tar.gz", hash = "sha256:e7d814a81dad81e6caf2ec9fdedb284ecc9c73076b62654547cc64ccdcae26e9"},
]

[package.extras]
brotli = ["brotli (>=1.0.9)", "brotlicffi (>=0.8.0)"]
h2 = ["h2 (>=4,<5)"]
socks = ["pysocks (>=1.5.6,!=1.5.7,<2.0)"]
zstd = ["zstandard (>=0.18.0)"]

[metadata]
lock-version = "2.0"
python-versions = "^3.8"
content-hash = "d124b67b96aa8ed0a21530cb44c37c1389946a63156c28dbc7163d82ab3a488d"
